
Microsoft Visual Studio Solution File, Format Version 12.00
# Visual Studio 2012
Project("{FAE04EC0-301F-11D3-BF4B-00C04F79EFBC}") = "POC.Net.Localization", "POC.Net.Localization\POC.Net.Localization.csproj", "{47FFAD02-FC0F-408D-9F8D-1E18F057C19B}"
EndProject
Project("{FAE04EC0-301F-11D3-BF4B-00C04F79EFBC}") = "POC.Net.Security.Net40.CasAssemblyInfo", "POC.Net.Security\POC.Net.Security.Net40\POC.Net.Security.Net40.CasAssemblyInfo\POC.Net.Security.Net40.CasAssemblyInfo.csproj", "{558D3E55-A63C-42F3-A125-E278FC8B6B47}"
EndProject
Project("{FAE04EC0-301F-11D3-BF4B-00C04F79EFBC}") = "POC.Net.Security.Net40.CasConsole", "POC.Net.Security\POC.Net.Security.Net40\POC.Net.Security.Net40.CasConsole\POC.Net.Security.Net40.CasConsole.csproj", "{A32EA836-CFC3-4FA4-BC70-272FDB97D2A7}"
EndProject
Project("{FAE04EC0-301F-11D3-BF4B-00C04F79EFBC}") = "POC.Net.XamlSample", "POC.Net.XamlSample\POC.Net.XamlSample.csproj", "{4FA8DD44-480D-4DB6-9608-01D7F696435E}"
EndProject
Project("{FAE04EC0-301F-11D3-BF4B-00C04F79EFBC}") = "POC.Net.Localization.ResourceProject", "POC.Net.Localization.ResourceProject\POC.Net.Localization.ResourceProject.csproj", "{B6B297F1-3F53-4F36-AC77-27391FE09D30}"
EndProject
Project("{2150E333-8FDC-42A3-9474-1A3956D46DE8}") = "ReferencedProjects", "ReferencedProjects", "{7F005479-6033-42D5-84F1-7F803EF35781}"
EndProject
Project("{FAE04EC0-301F-11D3-BF4B-00C04F79EFBC}") = "CodeEnv.Master.Common.Resources", "..\..\CodeEnv\CodeEnv.Master\CodeEnv.Master.Common.Resources\CodeEnv.Master.Common.Resources.csproj", "{30988A11-A4F0-4FDC-82D5-41B87EA410BE}"
EndProject
Project("{FAE04EC0-301F-11D3-BF4B-00C04F79EFBC}") = "CodeEnv.Master.Common", "..\..\CodeEnv\CodeEnv.Master\CodeEnv.Master.Common\CodeEnv.Master.Common.csproj", "{1557C03E-56EE-4C70-9BD8-AB637D3191CF}"
EndProject
Project("{FAE04EC0-301F-11D3-BF4B-00C04F79EFBC}") = "POC.Net.GeneralEntry", "POC.Net.GeneralEntry\POC.Net.GeneralEntry.csproj", "{31556467-0C30-49D6-B6A5-5A284906DC61}"
EndProject
Global
	GlobalSection(SolutionConfigurationPlatforms) = preSolution
		Debug|Any CPU = Debug|Any CPU
		Release|Any CPU = Release|Any CPU
	EndGlobalSection
	GlobalSection(ProjectConfigurationPlatforms) = postSolution
		{47FFAD02-FC0F-408D-9F8D-1E18F057C19B}.Debug|Any CPU.ActiveCfg = Debug|Any CPU
		{47FFAD02-FC0F-408D-9F8D-1E18F057C19B}.Release|Any CPU.ActiveCfg = Release|Any CPU
		{47FFAD02-FC0F-408D-9F8D-1E18F057C19B}.Release|Any CPU.Build.0 = Release|Any CPU
		{558D3E55-A63C-42F3-A125-E278FC8B6B47}.Debug|Any CPU.ActiveCfg = Debug|Any CPU
		{558D3E55-A63C-42F3-A125-E278FC8B6B47}.Release|Any CPU.ActiveCfg = Release|Any CPU
		{558D3E55-A63C-42F3-A125-E278FC8B6B47}.Release|Any CPU.Build.0 = Release|Any CPU
		{A32EA836-CFC3-4FA4-BC70-272FDB97D2A7}.Debug|Any CPU.ActiveCfg = Debug|Any CPU
		{A32EA836-CFC3-4FA4-BC70-272FDB97D2A7}.Release|Any CPU.ActiveCfg = Release|Any CPU
		{A32EA836-CFC3-4FA4-BC70-272FDB97D2A7}.Release|Any CPU.Build.0 = Release|Any CPU
		{4FA8DD44-480D-4DB6-9608-01D7F696435E}.Debug|Any CPU.ActiveCfg = Debug|Any CPU
		{4FA8DD44-480D-4DB6-9608-01D7F696435E}.Release|Any CPU.ActiveCfg = Release|Any CPU
		{4FA8DD44-480D-4DB6-9608-01D7F696435E}.Release|Any CPU.Build.0 = Release|Any CPU
		{B6B297F1-3F53-4F36-AC77-27391FE09D30}.Debug|Any CPU.ActiveCfg = Debug|Any CPU
		{B6B297F1-3F53-4F36-AC77-27391FE09D30}.Release|Any CPU.ActiveCfg = Release|Any CPU
		{B6B297F1-3F53-4F36-AC77-27391FE09D30}.Release|Any CPU.Build.0 = Release|Any CPU
		{30988A11-A4F0-4FDC-82D5-41B87EA410BE}.Debug|Any CPU.ActiveCfg = Debug|Any CPU
		{30988A11-A4F0-4FDC-82D5-41B87EA410BE}.Debug|Any CPU.Build.0 = Debug|Any CPU
		{30988A11-A4F0-4FDC-82D5-41B87EA410BE}.Release|Any CPU.ActiveCfg = Release|Any CPU
		{30988A11-A4F0-4FDC-82D5-41B87EA410BE}.Release|Any CPU.Build.0 = Release|Any CPU
		{1557C03E-56EE-4C70-9BD8-AB637D3191CF}.Debug|Any CPU.ActiveCfg = Debug|Any CPU
		{1557C03E-56EE-4C70-9BD8-AB637D3191CF}.Debug|Any CPU.Build.0 = Debug|Any CPU
		{1557C03E-56EE-4C70-9BD8-AB637D3191CF}.Release|Any CPU.ActiveCfg = Release|Any CPU
		{1557C03E-56EE-4C70-9BD8-AB637D3191CF}.Release|Any CPU.Build.0 = Release|Any CPU
		{31556467-0C30-49D6-B6A5-5A284906DC61}.Debug|Any CPU.ActiveCfg = Debug|Any CPU
		{31556467-0C30-49D6-B6A5-5A284906DC61}.Debug|Any CPU.Build.0 = Debug|Any CPU
		{31556467-0C30-49D6-B6A5-5A284906DC61}.Release|Any CPU.ActiveCfg = Release|Any CPU
		{31556467-0C30-49D6-B6A5-5A284906DC61}.Release|Any CPU.Build.0 = Release|Any CPU
	EndGlobalSection
	GlobalSection(SolutionProperties) = preSolution
		HideSolutionNode = FALSE
	EndGlobalSection
	GlobalSection(NestedProjects) = preSolution
		{30988A11-A4F0-4FDC-82D5-41B87EA410BE} = {7F005479-6033-42D5-84F1-7F803EF35781}
		{1557C03E-56EE-4C70-9BD8-AB637D3191CF} = {7F005479-6033-42D5-84F1-7F803EF35781}
	EndGlobalSection
EndGlobal
